	<Project xmlns="http://schemas.microsoft.com/developer/msbuild/2003">
		<PropertyGroup>
			<ProjectGuid>{1A50DECD-67A2-4850-A86C-83DADB36F5BD}</ProjectGuid>
			<MainSource>fbintf.dpk</MainSource>
			<ProjectVersion>12.0</ProjectVersion>
			<Config Condition="'$(Config)'==''">Debug</Config>
			<DCC_DCCCompiler>DCC32</DCC_DCCCompiler>
		</PropertyGroup>
		<PropertyGroup Condition="'$(Config)'=='Base' or '$(Base)'!=''">
			<Base>true</Base>
		</PropertyGroup>
		<PropertyGroup Condition="'$(Config)'=='Release' or '$(Cfg_1)'!=''">
			<Cfg_1>true</Cfg_1>
			<CfgParent>Base</CfgParent>
			<Base>true</Base>
		</PropertyGroup>
		<PropertyGroup Condition="'$(Config)'=='Debug' or '$(Cfg_2)'!=''">
			<Cfg_2>true</Cfg_2>
			<CfgParent>Base</CfgParent>
			<Base>true</Base>
		</PropertyGroup>
		<PropertyGroup Condition="'$(Base)'!=''">
			<DCC_RangeChecking>true</DCC_RangeChecking>
			<DesignOnlyPackage>false</DesignOnlyPackage>
			<DCC_BplOutput>.</DCC_BplOutput>
			<DCC_DcpOutput>.</DCC_DcpOutput>
			<DCC_ImageBase>00400000</DCC_ImageBase>
			<GenPackage>true</GenPackage>
			<DCC_DependencyCheckOutputName>fbintf.bpl</DCC_DependencyCheckOutputName>
			<DCC_UnitAlias>WinTypes=Windows;WinProcs=Windows;DbiTypes=BDE;DbiProcs=BDE;DbiErrs=BDE;$(DCC_UnitAlias)</DCC_UnitAlias>
			<DCC_Platform>x86</DCC_Platform>
			<DCC_E>false</DCC_E>
			<DCC_S>false</DCC_S>
			<GenDll>true</GenDll>
			<DCC_N>false</DCC_N>
			<DCC_F>false</DCC_F>
			<DCC_K>false</DCC_K>
		</PropertyGroup>
		<PropertyGroup Condition="'$(Cfg_1)'!=''">
			<DCC_LocalDebugSymbols>false</DCC_LocalDebugSymbols>
			<DCC_Define>RELEASE;$(DCC_Define)</DCC_Define>
			<DCC_SymbolReferenceInfo>0</DCC_SymbolReferenceInfo>
			<DCC_DebugInformation>false</DCC_DebugInformation>
		</PropertyGroup>
		<PropertyGroup Condition="'$(Cfg_2)'!=''">
			<DCC_Define>DEBUG;$(DCC_Define)</DCC_Define>
		</PropertyGroup>
		<ItemGroup>
			<DelphiCompile Include="fbintf.dpk">
				<MainSource>MainSource</MainSource>
			</DelphiCompile>
			<DCCReference Include="rtl.dcp"/>
			<DCCReference Include="dbrtl.dcp"/>
			<DCCReference Include="IBUtils.pas"/>
			<DCCReference Include="IB.pas"/>
			<DCCReference Include="IBErrorCodes.pas"/>
			<DCCReference Include="IBExternals.pas"/>
			<DCCReference Include="client\FBTransaction.pas"/>
			<DCCReference Include="client\FBActivityMonitor.pas"/>
			<DCCReference Include="client\FBArray.pas"/>
			<DCCReference Include="client\FBAttachment.pas"/>
			<DCCReference Include="client\FBBlob.pas"/>
			<DCCReference Include="client\FBClientAPI.pas"/>
			<DCCReference Include="client\FBEvents.pas"/>
			<DCCReference Include="client\FBMessages.pas"/>
			<DCCReference Include="client\FBOutputBlock.pas"/>
			<DCCReference Include="client\FBParamBlock.pas"/>
			<DCCReference Include="client\FBServices.pas"/>
			<DCCReference Include="client\FBSQLData.pas"/>
			<DCCReference Include="client\FBStatement.pas"/>
			<DCCReference Include="client\2.5\IBHeader.pas"/>
			<DCCReference Include="client\2.5\FB25Array.pas"/>
			<DCCReference Include="client\2.5\FB25Attachment.pas"/>
			<DCCReference Include="client\2.5\FB25Blob.pas"/>
			<DCCReference Include="client\2.5\FB25ClientAPI.pas"/>
			<DCCReference Include="client\2.5\FB25Events.pas"/>
			<DCCReference Include="client\2.5\FB25Services.pas"/>
			<DCCReference Include="client\2.5\FB25Statement.pas"/>
			<DCCReference Include="client\2.5\FB25Transaction.pas"/>
			<DCCReference Include="client\3.0\FB30Transaction.pas"/>
			<DCCReference Include="client\3.0\FB30Array.pas"/>
			<DCCReference Include="client\3.0\FB30Attachment.pas"/>
			<DCCReference Include="client\3.0\FB30Blob.pas"/>
			<DCCReference Include="client\3.0\FB30ClientAPI.pas"/>
			<DCCReference Include="client\3.0\FB30Events.pas"/>
			<DCCReference Include="client\3.0\FB30Services.pas"/>
			<DCCReference Include="client\3.0\FB30Statement.pas"/>
			<DCCReference Include="client\3.0\firebird\Firebird.pas"/>
			<BuildConfiguration Include="Base">
				<Key>Base</Key>
			</BuildConfiguration>
			<BuildConfiguration Include="Debug">
				<Key>Cfg_2</Key>
				<CfgParent>Base</CfgParent>
			</BuildConfiguration>
			<BuildConfiguration Include="Release">
				<Key>Cfg_1</Key>
				<CfgParent>Base</CfgParent>
			</BuildConfiguration>
		</ItemGroup>
		<Import Project="$(BDS)\Bin\CodeGear.Delphi.Targets" Condition="Exists('$(BDS)\Bin\CodeGear.Delphi.Targets')"/>
		<ProjectExtensions>
			<Borland.Personality>Delphi.Personality.12</Borland.Personality>
			<Borland.ProjectType>Package</Borland.ProjectType>
			<BorlandProject>
				<Delphi.Personality>
					<Source>
						<Source Name="MainSource">fbintf.dpk</Source>
					</Source>
					<Parameters>
						<Parameters Name="UseLauncher">False</Parameters>
						<Parameters Name="LoadAllSymbols">True</Parameters>
						<Parameters Name="LoadUnspecifiedSymbols">False</Parameters>
						<Parameters Name="RunParams">-t 1 -X</Parameters>
						<Parameters Name="HostApplication">testsuite</Parameters>
					</Parameters>
					<VersionInfo>
						<VersionInfo Name="IncludeVerInfo">True</VersionInfo>
						<VersionInfo Name="AutoIncBuild">False</VersionInfo>
						<VersionInfo Name="MajorVer">1</VersionInfo>
						<VersionInfo Name="MinorVer">1</VersionInfo>
						<VersionInfo Name="Release">6</VersionInfo>
						<VersionInfo Name="Build">12237</VersionInfo>
						<VersionInfo Name="Debug">False</VersionInfo>
						<VersionInfo Name="PreRelease">False</VersionInfo>
						<VersionInfo Name="Special">False</VersionInfo>
						<VersionInfo Name="Private">False</VersionInfo>
						<VersionInfo Name="DLL">False</VersionInfo>
						<VersionInfo Name="Locale">2057</VersionInfo>
						<VersionInfo Name="CodePage">1252</VersionInfo>
					</VersionInfo>
					<VersionInfoKeys>
						<VersionInfoKeys Name="CompanyName">MWA Software</VersionInfoKeys>
						<VersionInfoKeys Name="FileDescription"/>
						<VersionInfoKeys Name="FileVersion">1.1.6.12237</VersionInfoKeys>
						<VersionInfoKeys Name="InternalName"/>
						<VersionInfoKeys Name="LegalCopyright"/>
						<VersionInfoKeys Name="LegalTrademarks"/>
						<VersionInfoKeys Name="OriginalFilename"/>
						<VersionInfoKeys Name="ProductName">Firebird Pascal Client API</VersionInfoKeys>
						<VersionInfoKeys Name="ProductVersion">1.1.6.12237</VersionInfoKeys>
						<VersionInfoKeys Name="Comments"/>
					</VersionInfoKeys>
				</Delphi.Personality>
			</BorlandProject>
			<ProjectFileVersion>12</ProjectFileVersion>
		</ProjectExtensions>
	</Project>
